
Microsoft Visual Studio Solution File, Format Version 12.00
# Visual Studio 15
VisualStudioVersion = 15.0.28010.2003
MinimumVisualStudioVersion = 10.0.40219.1
Project("{FAE04EC0-301F-11D3-BF4B-00C04F79EFBC}") = "XamarinBible.Android", "XamarinBible\XamarinBible.Android\XamarinBible.Android.csproj", "{E4622736-CCAD-46AA-A1D0-802EE2ACD876}"
EndProject
Project("{FAE04EC0-301F-11D3-BF4B-00C04F79EFBC}") = "XamarinBible.iOS", "XamarinBible\XamarinBible.iOS\XamarinBible.iOS.csproj", "{B4F2E72E-11A0-4A54-A8C1-7AC463F52207}"
EndProject
Project("{FAE04EC0-301F-11D3-BF4B-00C04F79EFBC}") = "XamarinBible", "XamarinBible\XamarinBible\XamarinBible.csproj", "{6F4F24C1-5FEA-401B-8578-FCBDFB2B5A2C}"
EndProject
Global
	GlobalSection(SolutionConfigurationPlatforms) = preSolution
		Ad-Hoc|Any CPU = Ad-Hoc|Any CPU
		Ad-Hoc|iPhone = Ad-Hoc|iPhone
		Ad-Hoc|iPhoneSimulator = Ad-Hoc|iPhoneSimulator
		AppStore|Any CPU = AppStore|Any CPU
		AppStore|iPhone = AppStore|iPhone
		AppStore|iPhoneSimulator = AppStore|iPhoneSimulator
		Debug|Any CPU = Debug|Any CPU
		Debug|iPhone = Debug|iPhone
		Debug|iPhoneSimulator = Debug|iPhoneSimulator
		Release|Any CPU = Release|Any CPU
		Release|iPhone = Release|iPhone
		Release|iPhoneSimulator = Release|iPhoneSimulator
	EndGlobalSection
	GlobalSection(ProjectConfigurationPlatforms) = postSolution
		{E4622736-CCAD-46AA-A1D0-802EE2ACD876}.Ad-Hoc|Any CPU.ActiveCfg = Release|Any CPU
		{E4622736-CCAD-46AA-A1D0-802EE2ACD876}.Ad-Hoc|Any CPU.Build.0 = Release|Any CPU
		{E4622736-CCAD-46AA-A1D0-802EE2ACD876}.Ad-Hoc|Any CPU.Deploy.0 = Release|Any CPU
		{E4622736-CCAD-46AA-A1D0-802EE2ACD876}.Ad-Hoc|iPhone.ActiveCfg = Release|Any CPU
		{E4622736-CCAD-46AA-A1D0-802EE2ACD876}.Ad-Hoc|iPhone.Build.0 = Release|Any CPU
		{E4622736-CCAD-46AA-A1D0-802EE2ACD876}.Ad-Hoc|iPhone.Deploy.0 = Release|Any CPU
		{E4622736-CCAD-46AA-A1D0-802EE2ACD876}.Ad-Hoc|iPhoneSimulator.ActiveCfg = Release|Any CPU
		{E4622736-CCAD-46AA-A1D0-802EE2ACD876}.Ad-Hoc|iPhoneSimulator.Build.0 = Release|Any CPU
		{E4622736-CCAD-46AA-A1D0-802EE2ACD876}.Ad-Hoc|iPhoneSimulator.Deploy.0 = Release|Any CPU
		{E4622736-CCAD-46AA-A1D0-802EE2ACD876}.AppStore|Any CPU.ActiveCfg = Release|Any CPU
		{E4622736-CCAD-46AA-A1D0-802EE2ACD876}.AppStore|Any CPU.Build.0 = Release|Any CPU
		{E4622736-CCAD-46AA-A1D0-802EE2ACD876}.AppStore|Any CPU.Deploy.0 = Release|Any CPU
		{E4622736-CCAD-46AA-A1D0-802EE2ACD876}.AppStore|iPhone.ActiveCfg = Release|Any CPU
		{E4622736-CCAD-46AA-A1D0-802EE2ACD876}.AppStore|iPhone.Build.0 = Release|Any CPU
		{E4622736-CCAD-46AA-A1D0-802EE2ACD876}.AppStore|iPhone.Deploy.0 = Release|Any CPU
		{E4622736-CCAD-46AA-A1D0-802EE2ACD876}.AppStore|iPhoneSimulator.ActiveCfg = Release|Any CPU
		{E4622736-CCAD-46AA-A1D0-802EE2ACD876}.AppStore|iPhoneSimulator.Build.0 = Release|Any CPU
		{E4622736-CCAD-46AA-A1D0-802EE2ACD876}.AppStore|iPhoneSimulator.Deploy.0 = Release|Any CPU
		{E4622736-CCAD-46AA-A1D0-802EE2ACD876}.Debug|Any CPU.ActiveCfg = Debug|Any CPU
		{E4622736-CCAD-46AA-A1D0-802EE2ACD876}.Debug|Any CPU.Build.0 = Debug|Any CPU
		{E4622736-CCAD-46AA-A1D0-802EE2ACD876}.Debug|Any CPU.Deploy.0 = Debug|Any CPU
		{E4622736-CCAD-46AA-A1D0-802EE2ACD876}.Debug|iPhone.ActiveCfg = Debug|Any CPU
		{E4622736-CCAD-46AA-A1D0-802EE2ACD876}.Debug|iPhone.Build.0 = Debug|Any CPU
		{E4622736-CCAD-46AA-A1D0-802EE2ACD876}.Debug|iPhone.Deploy.0 = Debug|Any CPU
		{E4622736-CCAD-46AA-A1D0-802EE2ACD876}.Debug|iPhoneSimulator.ActiveCfg = Debug|Any CPU
		{E4622736-CCAD-46AA-A1D0-802EE2ACD876}.Debug|iPhoneSimulator.Build.0 = Debug|Any CPU
		{E4622736-CCAD-46AA-A1D0-802EE2ACD876}.Debug|iPhoneSimulator.Deploy.0 = Debug|Any CPU
		{E4622736-CCAD-46AA-A1D0-802EE2ACD876}.Release|Any CPU.ActiveCfg = Release|Any CPU
		{E4622736-CCAD-46AA-A1D0-802EE2ACD876}.Release|Any CPU.Build.0 = Release|Any CPU
		{E4622736-CCAD-46AA-A1D0-802EE2ACD876}.Release|Any CPU.Deploy.0 = Release|Any CPU
		{E4622736-CCAD-46AA-A1D0-802EE2ACD876}.Release|iPhone.ActiveCfg = Release|Any CPU
		{E4622736-CCAD-46AA-A1D0-802EE2ACD876}.Release|iPhone.Build.0 = Release|Any CPU
		{E4622736-CCAD-46AA-A1D0-802EE2ACD876}.Release|iPhone.Deploy.0 = Release|Any CPU
		{E4622736-CCAD-46AA-A1D0-802EE2ACD876}.Release|iPhoneSimulator.ActiveCfg = Release|Any CPU
		{E4622736-CCAD-46AA-A1D0-802EE2ACD876}.Release|iPhoneSimulator.Build.0 = Release|Any CPU
		{E4622736-CCAD-46AA-A1D0-802EE2ACD876}.Release|iPhoneSimulator.Deploy.0 = Release|Any CPU
		{B4F2E72E-11A0-4A54-A8C1-7AC463F52207}.Ad-Hoc|Any CPU.ActiveCfg = Ad-Hoc|iPhone
		{B4F2E72E-11A0-4A54-A8C1-7AC463F52207}.Ad-Hoc|Any CPU.Build.0 = Ad-Hoc|iPhone
		{B4F2E72E-11A0-4A54-A8C1-7AC463F52207}.Ad-Hoc|Any CPU.Deploy.0 = Ad-Hoc|iPhone
		{B4F2E72E-11A0-4A54-A8C1-7AC463F52207}.Ad-Hoc|iPhone.ActiveCfg = Ad-Hoc|iPhone
		{B4F2E72E-11A0-4A54-A8C1-7AC463F52207}.Ad-Hoc|iPhone.Build.0 = Ad-Hoc|iPhone
		{B4F2E72E-11A0-4A54-A8C1-7AC463F52207}.Ad-Hoc|iPhone.Deploy.0 = Ad-Hoc|iPhone
		{B4F2E72E-11A0-4A54-A8C1-7AC463F52207}.Ad-Hoc|iPhoneSimulator.ActiveCfg = Ad-Hoc|iPhoneSimulator
		{B4F2E72E-11A0-4A54-A8C1-7AC463F52207}.Ad-Hoc|iPhoneSimulator.Build.0 = Ad-Hoc|iPhoneSimulator
		{B4F2E72E-11A0-4A54-A8C1-7AC463F52207}.Ad-Hoc|iPhoneSimulator.Deploy.0 = Ad-Hoc|iPhoneSimulator
		{B4F2E72E-11A0-4A54-A8C1-7AC463F52207}.AppStore|Any CPU.ActiveCfg = AppStore|iPhone
		{B4F2E72E-11A0-4A54-A8C1-7AC463F52207}.AppStore|Any CPU.Build.0 = AppStore|iPhone
		{B4F2E72E-11A0-4A54-A8C1-7AC463F52207}.AppStore|Any CPU.Deploy.0 = AppStore|iPhone
		{B4F2E72E-11A0-4A54-A8C1-7AC463F52207}.AppStore|iPhone.ActiveCfg = AppStore|iPhone
		{B4F2E72E-11A0-4A54-A8C1-7AC463F52207}.AppStore|iPhone.Build.0 = AppStore|iPhone
		{B4F2E72E-11A0-4A54-A8C1-7AC463F52207}.AppStore|iPhone.Deploy.0 = AppStore|iPhone
		{B4F2E72E-11A0-4A54-A8C1-7AC463F52207}.AppStore|iPhoneSimulator.ActiveCfg = AppStore|iPhoneSimulator
		{B4F2E72E-11A0-4A54-A8C1-7AC463F52207}.AppStore|iPhoneSimulator.Build.0 = AppStore|iPhoneSimulator
		{B4F2E72E-11A0-4A54-A8C1-7AC463F52207}.AppStore|iPhoneSimulator.Deploy.0 = AppStore|iPhoneSimulator
		{B4F2E72E-11A0-4A54-A8C1-7AC463F52207}.Debug|Any CPU.ActiveCfg = Debug|iPhoneSimulator
		{B4F2E72E-11A0-4A54-A8C1-7AC463F52207}.Debug|Any CPU.Build.0 = Debug|iPhoneSimulator
		{B4F2E72E-11A0-4A54-A8C1-7AC463F52207}.Debug|Any CPU.Deploy.0 = Debug|iPhoneSimulator
		{B4F2E72E-11A0-4A54-A8C1-7AC463F52207}.Debug|iPhone.ActiveCfg = Debug|iPhone
		{B4F2E72E-11A0-4A54-A8C1-7AC463F52207}.Debug|iPhone.Build.0 = Debug|iPhone
		{B4F2E72E-11A0-4A54-A8C1-7AC463F52207}.Debug|iPhone.Deploy.0 = Debug|iPhone
		{B4F2E72E-11A0-4A54-A8C1-7AC463F52207}.Debug|iPhoneSimulator.ActiveCfg = Debug|iPhoneSimulator
		{B4F2E72E-11A0-4A54-A8C1-7AC463F52207}.Debug|iPhoneSimulator.Build.0 = Debug|iPhoneSimulator
		{B4F2E72E-11A0-4A54-A8C1-7AC463F52207}.Debug|iPhoneSimulator.Deploy.0 = Debug|iPhoneSimulator
		{B4F2E72E-11A0-4A54-A8C1-7AC463F52207}.Release|Any CPU.ActiveCfg = Release|iPhone
		{B4F2E72E-11A0-4A54-A8C1-7AC463F52207}.Release|Any CPU.Build.0 = Release|iPhone
		{B4F2E72E-11A0-4A54-A8C1-7AC463F52207}.Release|Any CPU.Deploy.0 = Release|iPhone
		{B4F2E72E-11A0-4A54-A8C1-7AC463F52207}.Release|iPhone.ActiveCfg = Release|iPhone
		{B4F2E72E-11A0-4A54-A8C1-7AC463F52207}.Release|iPhone.Build.0 = Release|iPhone
		{B4F2E72E-11A0-4A54-A8C1-7AC463F52207}.Release|iPhone.Deploy.0 = Release|iPhone
		{B4F2E72E-11A0-4A54-A8C1-7AC463F52207}.Release|iPhoneSimulator.ActiveCfg = Release|iPhoneSimulator
		{B4F2E72E-11A0-4A54-A8C1-7AC463F52207}.Release|iPhoneSimulator.Build.0 = Release|iPhoneSimulator
		{B4F2E72E-11A0-4A54-A8C1-7AC463F52207}.Release|iPhoneSimulator.Deploy.0 = Release|iPhoneSimulator
		{6F4F24C1-5FEA-401B-8578-FCBDFB2B5A2C}.Ad-Hoc|Any CPU.ActiveCfg = Debug|Any CPU
		{6F4F24C1-5FEA-401B-8578-FCBDFB2B5A2C}.Ad-Hoc|Any CPU.Build.0 = Debug|Any CPU
		{6F4F24C1-5FEA-401B-8578-FCBDFB2B5A2C}.Ad-Hoc|Any CPU.Deploy.0 = Debug|Any CPU
		{6F4F24C1-5FEA-401B-8578-FCBDFB2B5A2C}.Ad-Hoc|iPhone.ActiveCfg = Debug|Any CPU
		{6F4F24C1-5FEA-401B-8578-FCBDFB2B5A2C}.Ad-Hoc|iPhone.Build.0 = Debug|Any CPU
		{6F4F24C1-5FEA-401B-8578-FCBDFB2B5A2C}.Ad-Hoc|iPhone.Deploy.0 = Debug|Any CPU
		{6F4F24C1-5FEA-401B-8578-FCBDFB2B5A2C}.Ad-Hoc|iPhoneSimulator.ActiveCfg = Debug|Any CPU
		{6F4F24C1-5FEA-401B-8578-FCBDFB2B5A2C}.Ad-Hoc|iPhoneSimulator.Build.0 = Debug|Any CPU
		{6F4F24C1-5FEA-401B-8578-FCBDFB2B5A2C}.Ad-Hoc|iPhoneSimulator.Deploy.0 = Debug|Any CPU
		{6F4F24C1-5FEA-401B-8578-FCBDFB2B5A2C}.AppStore|Any CPU.ActiveCfg = Debug|Any CPU
		{6F4F24C1-5FEA-401B-8578-FCBDFB2B5A2C}.AppStore|Any CPU.Build.0 = Debug|Any CPU
		{6F4F24C1-5FEA-401B-8578-FCBDFB2B5A2C}.AppStore|Any CPU.Deploy.0 = Debug|Any CPU
		{6F4F24C1-5FEA-401B-8578-FCBDFB2B5A2C}.AppStore|iPhone.ActiveCfg = Debug|Any CPU
		{6F4F24C1-5FEA-401B-8578-FCBDFB2B5A2C}.AppStore|iPhone.Build.0 = Debug|Any CPU
		{6F4F24C1-5FEA-401B-8578-FCBDFB2B5A2C}.AppStore|iPhone.Deploy.0 = Debug|Any CPU
		{6F4F24C1-5FEA-401B-8578-FCBDFB2B5A2C}.AppStore|iPhoneSimulator.ActiveCfg = Debug|Any CPU
		{6F4F24C1-5FEA-401B-8578-FCBDFB2B5A2C}.AppStore|iPhoneSimulator.Build.0 = Debug|Any CPU
		{6F4F24C1-5FEA-401B-8578-FCBDFB2B5A2C}.AppStore|iPhoneSimulator.Deploy.0 = Debug|Any CPU
		{6F4F24C1-5FEA-401B-8578-FCBDFB2B5A2C}.Debug|Any CPU.ActiveCfg = Debug|Any CPU
		{6F4F24C1-5FEA-401B-8578-FCBDFB2B5A2C}.Debug|Any CPU.Build.0 = Debug|Any CPU
		{6F4F24C1-5FEA-401B-8578-FCBDFB2B5A2C}.Debug|Any CPU.Deploy.0 = Debug|Any CPU
		{6F4F24C1-5FEA-401B-8578-FCBDFB2B5A2C}.Debug|iPhone.ActiveCfg = Debug|Any CPU
		{6F4F24C1-5FEA-401B-8578-FCBDFB2B5A2C}.Debug|iPhone.Build.0 = Debug|Any CPU
		{6F4F24C1-5FEA-401B-8578-FCBDFB2B5A2C}.Debug|iPhone.Deploy.0 = Debug|Any CPU
		{6F4F24C1-5FEA-401B-8578-FCBDFB2B5A2C}.Debug|iPhoneSimulator.ActiveCfg = Debug|Any CPU
		{6F4F24C1-5FEA-401B-8578-FCBDFB2B5A2C}.Debug|iPhoneSimulator.Build.0 = Debug|Any CPU
		{6F4F24C1-5FEA-401B-8578-FCBDFB2B5A2C}.Debug|iPhoneSimulator.Deploy.0 = Debug|Any CPU
		{6F4F24C1-5FEA-401B-8578-FCBDFB2B5A2C}.Release|Any CPU.ActiveCfg = Release|Any CPU
		{6F4F24C1-5FEA-401B-8578-FCBDFB2B5A2C}.Release|Any CPU.Build.0 = Release|Any CPU
		{6F4F24C1-5FEA-401B-8578-FCBDFB2B5A2C}.Release|Any CPU.Deploy.0 = Release|Any CPU
		{6F4F24C1-5FEA-401B-8578-FCBDFB2B5A2C}.Release|iPhone.ActiveCfg = Release|Any CPU
		{6F4F24C1-5FEA-401B-8578-FCBDFB2B5A2C}.Release|iPhone.Build.0 = Release|Any CPU
		{6F4F24C1-5FEA-401B-8578-FCBDFB2B5A2C}.Release|iPhone.Deploy.0 = Release|Any CPU
		{6F4F24C1-5FEA-401B-8578-FCBDFB2B5A2C}.Release|iPhoneSimulator.ActiveCfg = Release|Any CPU
		{6F4F24C1-5FEA-401B-8578-FCBDFB2B5A2C}.Release|iPhoneSimulator.Build.0 = Release|Any CPU
		{6F4F24C1-5FEA-401B-8578-FCBDFB2B5A2C}.Release|iPhoneSimulator.Deploy.0 = Release|Any CPU
	EndGlobalSection
	GlobalSection(SolutionProperties) = preSolution
		HideSolutionNode = FALSE
	EndGlobalSection
	GlobalSection(ExtensibilityGlobals) = postSolution
		SolutionGuid = {EA374247-F518-481F-A96F-A8C30743F91C}
	EndGlobalSection
EndGlobal
